
Microsoft Visual Studio Solution File, Format Version 12.00
# Visual Studio Version 16
VisualStudioVersion = 16.0.28621.142
MinimumVisualStudioVersion = 10.0.40219.1
Project("{FAE04EC0-301F-11D3-BF4B-00C04F79EFBC}") = "PCEWebApp1", "PCEWebApp1.csproj", "{5FAF5C7A-81BF-4479-A6BE-09D1F5DE0468}"
EndProject
Global
	GlobalSection(SolutionConfigurationPlatforms) = preSolution
		Debug|Any CPU = Debug|Any CPU
		Release|Any CPU = Release|Any CPU
	EndGlobalSection
	GlobalSection(ProjectConfigurationPlatforms) = postSolution
		{5FAF5C7A-81BF-4479-A6BE-09D1F5DE0468}.Debug|Any CPU.ActiveCfg = Debug|Any CPU
		{5FAF5C7A-81BF-4479-A6BE-09D1F5DE0468}.Debug|Any CPU.Build.0 = Debug|Any CPU
		{5FAF5C7A-81BF-4479-A6BE-09D1F5DE0468}.Release|Any CPU.ActiveCfg = Release|Any CPU
		{5FAF5C7A-81BF-4479-A6BE-09D1F5DE0468}.Release|Any CPU.Build.0 = Release|Any CPU
	EndGlobalSection
	GlobalSection(SolutionProperties) = preSolution
		HideSolutionNode = FALSE
	EndGlobalSection
	GlobalSection(ExtensibilityGlobals) = postSolution
		SolutionGuid = {63B012D5-C5CC-433F-85E5-61FCAA76B33C}
	EndGlobalSection
EndGlobal
